<?xml version="1.0" encoding="utf-8"?>
<Project ToolsVersion="4.0" xmlns="http://schemas.microsoft.com/developer/msbuild/2003">
  <ItemGroup>
    <Filter Include="Исходные файлы">
      <UniqueIdentifier>{4FC737F1-C7A5-4376-A066-2A32D752A2FF}</UniqueIdentifier>
      <Extensions>cpp;c;cc;cxx;def;odl;idl;hpj;bat;asm;asmx</Extensions>
    </Filter>
    <Filter Include="Файлы заголовков">
      <UniqueIdentifier>{93995380-89BD-4b04-88EB-625FBE52EBFB}</UniqueIdentifier>
      <Extensions>h;hh;hpp;hxx;hm;inl;inc;ipp;xsd</Extensions>
    </Filter>
    <Filter Include="Creatures">
      <UniqueIdentifier>{cb0275b1-6424-48ec-a6d3-4630eeea49ae}</UniqueIdentifier>
    </Filter>
    <Filter Include="Skills">
      <UniqueIdentifier>{e30118fb-5de3-4885-b172-dfb5cfe59fc1}</UniqueIdentifier>
    </Filter>
    <Filter Include="States">
      <UniqueIdentifier>{2ff7d0c4-2447-402b-93bb-94cf6e2ae9ad}</UniqueIdentifier>
    </Filter>
    <Filter Include="Misc">
      <UniqueIdentifier>{3d6d5ea2-024a-42dc-ba9c-b28dfc6dbff3}</UniqueIdentifier>
    </Filter>
  </ItemGroup>
  <ItemGroup>
    <ClCompile Include="ConsoleGame.cpp">
      <Filter>Исходные файлы</Filter>
    </ClCompile>
    <ClCompile Include="Game.cpp">
      <Filter>Исходные файлы</Filter>
    </ClCompile>
    <ClCompile Include="Player.cpp">
      <Filter>Исходные файлы</Filter>
    </ClCompile>
    <ClCompile Include="Skills\Skill.cpp">
      <Filter>Skills</Filter>
    </ClCompile>
    <ClCompile Include="Skills\RangedAttack.cpp">
      <Filter>Skills</Filter>
    </ClCompile>
    <ClCompile Include="Skills\MeleeAttack.cpp">
      <Filter>Skills</Filter>
    </ClCompile>
    <ClCompile Include="States\UpgradeMenu.cpp">
      <Filter>States</Filter>
    </ClCompile>
    <ClCompile Include="States\Battlefield.cpp">
      <Filter>States</Filter>
    </ClCompile>
    <ClCompile Include="Skills\Defend.cpp">
      <Filter>Skills</Filter>
    </ClCompile>
    <ClCompile Include="Skills\Heal.cpp">
      <Filter>Исходные файлы</Filter>
    </ClCompile>
    <ClCompile Include="Skills\GiveDefend.cpp">
      <Filter>Исходные файлы</Filter>
    </ClCompile>
    <ClCompile Include="Misc\Map.cpp">
      <Filter>Исходные файлы</Filter>
    </ClCompile>
    <ClCompile Include="Misc\TargetController.cpp">
      <Filter>Misc</Filter>
    </ClCompile>
    <ClCompile Include="Skills\HealAll.cpp">
      <Filter>Исходные файлы</Filter>
    </ClCompile>
    <ClCompile Include="Skills\Drain.cpp">
      <Filter>Исходные файлы</Filter>
    </ClCompile>
    <ClCompile Include="Creatures\BaseTier\Apprentice.cpp">
      <Filter>Исходные файлы</Filter>
    </ClCompile>
    <ClCompile Include="Creatures\BaseTier\Assassin.cpp">
      <Filter>Исходные файлы</Filter>
    </ClCompile>
    <ClCompile Include="Creatures\BaseTier\Peasant.cpp">
      <Filter>Creatures</Filter>
    </ClCompile>
    <ClCompile Include="Creatures\MiddleTier\Archer.cpp">
      <Filter>Creatures</Filter>
    </ClCompile>
    <ClCompile Include="Creatures\MiddleTier\Knight.cpp">
      <Filter>Исходные файлы</Filter>
    </ClCompile>
    <ClCompile Include="Creatures\MiddleTier\Priest.cpp">
      <Filter>Исходные файлы</Filter>
    </ClCompile>
    <ClCompile Include="Creatures\MiddleTier\Shinobi.cpp">
      <Filter>Исходные файлы</Filter>
    </ClCompile>
    <ClCompile Include="Creatures\MiddleTier\Spirit.cpp">
      <Filter>Исходные файлы</Filter>
    </ClCompile>
    <ClCompile Include="Creatures\MiddleTier\Warlock.cpp">
      <Filter>Исходные файлы</Filter>
    </ClCompile>
    <ClCompile Include="Creatures\Creature.cpp">
      <Filter>Creatures</Filter>
    </ClCompile>
    <ClCompile Include="States\Initializer.cpp">
      <Filter>States</Filter>
    </ClCompile>
    <ClCompile Include="Creatures\HighTier\Anduin.cpp">
      <Filter>Исходные файлы</Filter>
    </ClCompile>
    <ClCompile Include="Skills\Resurrect.cpp">
      <Filter>Исходные файлы</Filter>
    </ClCompile>
    <ClCompile Include="Skills\Rasengan.cpp">
      <Filter>Исходные файлы</Filter>
    </ClCompile>
    <ClCompile Include="Creatures\HighTier\Hanzo.cpp">
      <Filter>Исходные файлы</Filter>
    </ClCompile>
    <ClCompile Include="Skills\SplitArrows.cpp">
      <Filter>Исходные файлы</Filter>
    </ClCompile>
    <ClCompile Include="Skills\Sacrifice.cpp">
      <Filter>Исходные файлы</Filter>
    </ClCompile>
    <ClCompile Include="Creatures\HighTier\Paladin.cpp">
      <Filter>Исходные файлы</Filter>
    </ClCompile>
    <ClCompile Include="Creatures\HighTier\Naruto.cpp">
      <Filter>Исходные файлы</Filter>
    </ClCompile>
  </ItemGroup>
  <ItemGroup>
    <ClInclude Include="Game.h">
      <Filter>Файлы заголовков</Filter>
    </ClInclude>
    <ClInclude Include="Player.h">
      <Filter>Файлы заголовков</Filter>
    </ClInclude>
    <ClInclude Include="Config.h">
      <Filter>Файлы заголовков</Filter>
    </ClInclude>
    <ClInclude Include="Skills\Skill.h">
      <Filter>Skills</Filter>
    </ClInclude>
    <ClInclude Include="Skills\RangedAttack.h">
      <Filter>Skills</Filter>
    </ClInclude>
    <ClInclude Include="Skills\MeleeAttack.h">
      <Filter>Skills</Filter>
    </ClInclude>
    <ClInclude Include="States\Initializer.h">
      <Filter>States</Filter>
    </ClInclude>
    <ClInclude Include="States\UpgradeMenu.h">
      <Filter>States</Filter>
    </ClInclude>
    <ClInclude Include="Skills\Defend.h">
      <Filter>Skills</Filter>
    </ClInclude>
    <ClInclude Include="States\Battlefield.h">
      <Filter>States</Filter>
    </ClInclude>
    <ClInclude Include="Skills\Heal.h">
      <Filter>Файлы заголовков</Filter>
    </ClInclude>
    <ClInclude Include="Skills\GiveDefend.h">
      <Filter>Файлы заголовков</Filter>
    </ClInclude>
    <ClInclude Include="Misc\ITargetHelper.h">
      <Filter>Misc</Filter>
    </ClInclude>
    <ClInclude Include="Misc\IUser.h">
      <Filter>Misc</Filter>
    </ClInclude>
    <ClInclude Include="Misc\Map.h">
      <Filter>Файлы заголовков</Filter>
    </ClInclude>
    <ClInclude Include="Misc\Position.h">
      <Filter>Misc</Filter>
    </ClInclude>
    <ClInclude Include="Misc\TargetController.h">
      <Filter>Misc</Filter>
    </ClInclude>
    <ClInclude Include="Skills\HealAll.h">
      <Filter>Файлы заголовков</Filter>
    </ClInclude>
    <ClInclude Include="Skills\Drain.h">
      <Filter>Файлы заголовков</Filter>
    </ClInclude>
    <ClInclude Include="Creatures\BaseTier\Assassin.h">
      <Filter>Файлы заголовков</Filter>
    </ClInclude>
    <ClInclude Include="Creatures\BaseTier\Apprentice.h">
      <Filter>Файлы заголовков</Filter>
    </ClInclude>
    <ClInclude Include="Creatures\BaseTier\Peasant.h">
      <Filter>Creatures</Filter>
    </ClInclude>
    <ClInclude Include="Creatures\MiddleTier\Archer.h">
      <Filter>Creatures</Filter>
    </ClInclude>
    <ClInclude Include="Creatures\MiddleTier\Knight.h">
      <Filter>Файлы заголовков</Filter>
    </ClInclude>
    <ClInclude Include="Creatures\MiddleTier\Priest.h">
      <Filter>Файлы заголовков</Filter>
    </ClInclude>
    <ClInclude Include="Creatures\MiddleTier\Shinobi.h">
      <Filter>Файлы заголовков</Filter>
    </ClInclude>
    <ClInclude Include="Creatures\MiddleTier\Spirit.h">
      <Filter>Файлы заголовков</Filter>
    </ClInclude>
    <ClInclude Include="Creatures\Creature.h">
      <Filter>Creatures</Filter>
    </ClInclude>
    <ClInclude Include="Creatures\MiddleTier\Warlock.h">
      <Filter>Файлы заголовков</Filter>
    </ClInclude>
    <ClInclude Include="Creatures\HighTier\Anduin.h">
      <Filter>Файлы заголовков</Filter>
    </ClInclude>
    <ClInclude Include="Skills\Resurrect.h">
      <Filter>Файлы заголовков</Filter>
    </ClInclude>
    <ClInclude Include="Creatures\HighTier\Naruto.h">
      <Filter>Файлы заголовков</Filter>
    </ClInclude>
    <ClInclude Include="Skills\Rasengan.h">
      <Filter>Файлы заголовков</Filter>
    </ClInclude>
    <ClInclude Include="Creatures\HighTier\Hanzo.h">
      <Filter>Файлы заголовков</Filter>
    </ClInclude>
    <ClInclude Include="Skills\SplitArrows.h">
      <Filter>Файлы заголовков</Filter>
    </ClInclude>
    <ClInclude Include="Skills\Sacrifice.h">
      <Filter>Файлы заголовков</Filter>
    </ClInclude>
    <ClInclude Include="Creatures\HighTier\Paladin.h">
      <Filter>Файлы заголовков</Filter>
    </ClInclude>
  </ItemGroup>
</Project>