<?xml version="1.0" encoding="utf-8"?>
<Project ToolsVersion="4.0" xmlns="http://schemas.microsoft.com/developer/msbuild/2003">
  <ItemGroup>
    <Filter Include="Исходные файлы">
      <UniqueIdentifier>{4FC737F1-C7A5-4376-A066-2A32D752A2FF}</UniqueIdentifier>
      <Extensions>cpp;c;cc;cxx;def;odl;idl;hpj;bat;asm;asmx</Extensions>
    </Filter>
    <Filter Include="Файлы заголовков">
      <UniqueIdentifier>{93995380-89BD-4b04-88EB-625FBE52EBFB}</UniqueIdentifier>
      <Extensions>h;hh;hpp;hxx;hm;inl;inc;ipp;xsd</Extensions>
    </Filter>
    <Filter Include="Creatures">
      <UniqueIdentifier>{cb0275b1-6424-48ec-a6d3-4630eeea49ae}</UniqueIdentifier>
    </Filter>
    <Filter Include="Skills">
      <UniqueIdentifier>{e30118fb-5de3-4885-b172-dfb5cfe59fc1}</UniqueIdentifier>
    </Filter>
    <Filter Include="States">
      <UniqueIdentifier>{2ff7d0c4-2447-402b-93bb-94cf6e2ae9ad}</UniqueIdentifier>
    </Filter>
    <Filter Include="Misc">
      <UniqueIdentifier>{3d6d5ea2-024a-42dc-ba9c-b28dfc6dbff3}</UniqueIdentifier>
    </Filter>
  </ItemGroup>
  <ItemGroup>
    <ClCompile Include="ConsoleGame.cpp">
      <Filter>Исходные файлы</Filter>
    </ClCompile>
    <ClCompile Include="Game.cpp">
      <Filter>Исходные файлы</Filter>
    </ClCompile>
    <ClCompile Include="Player.cpp">
      <Filter>Исходные файлы</Filter>
    </ClCompile>
    <ClCompile Include="Skill.cpp">
      <Filter>Skills</Filter>
    </ClCompile>
    <ClCompile Include="Peasant.cpp">
      <Filter>Creatures</Filter>
    </ClCompile>
    <ClCompile Include="Creature.cpp">
      <Filter>Creatures</Filter>
    </ClCompile>
    <ClCompile Include="Map.cpp">
      <Filter>Исходные файлы</Filter>
    </ClCompile>
    <ClCompile Include="Archer.cpp">
      <Filter>Creatures</Filter>
    </ClCompile>
    <ClCompile Include="Battlefield.cpp">
      <Filter>States</Filter>
    </ClCompile>
    <ClCompile Include="Initializer.cpp">
      <Filter>States</Filter>
    </ClCompile>
    <ClCompile Include="Position.cpp">
      <Filter>Misc</Filter>
    </ClCompile>
    <ClCompile Include="TargetController.cpp">
      <Filter>Misc</Filter>
    </ClCompile>
  </ItemGroup>
  <ItemGroup>
    <ClInclude Include="Game.h">
      <Filter>Файлы заголовков</Filter>
    </ClInclude>
    <ClInclude Include="Player.h">
      <Filter>Файлы заголовков</Filter>
    </ClInclude>
    <ClInclude Include="Config.h">
      <Filter>Файлы заголовков</Filter>
    </ClInclude>
    <ClInclude Include="Map.h">
      <Filter>Файлы заголовков</Filter>
    </ClInclude>
    <ClInclude Include="Skill.h">
      <Filter>Skills</Filter>
    </ClInclude>
    <ClInclude Include="Archer.h">
      <Filter>Creatures</Filter>
    </ClInclude>
    <ClInclude Include="Creature.h">
      <Filter>Creatures</Filter>
    </ClInclude>
    <ClInclude Include="Peasant.h">
      <Filter>Creatures</Filter>
    </ClInclude>
    <ClInclude Include="Initializer.h">
      <Filter>States</Filter>
    </ClInclude>
    <ClInclude Include="Battlefield.h">
      <Filter>States</Filter>
    </ClInclude>
    <ClInclude Include="Position.h">
      <Filter>Misc</Filter>
    </ClInclude>
    <ClInclude Include="ITargetHelper.h">
      <Filter>Misc</Filter>
    </ClInclude>
    <ClInclude Include="IUser.h">
      <Filter>Misc</Filter>
    </ClInclude>
    <ClInclude Include="TargetController.h">
      <Filter>Misc</Filter>
    </ClInclude>
  </ItemGroup>
</Project>